
Microsoft Visual Studio Solution File, Format Version 12.00
# Visual Studio Version 17
VisualStudioVersion = 17.12.35707.178
MinimumVisualStudioVersion = 10.0.40219.1
Project("{9A19103F-16F7-4668-BE54-9A1E7A4F7556}") = "REGEX_Tasks", "REGEX_Tasks\REGEX_Tasks.csproj", "{12243D6D-2752-4A04-A67A-0DB4BCCB4396}"
EndProject
Project("{FAE04EC0-301F-11D3-BF4B-00C04F79EFBC}") = "_Regex", "_Regex\_Regex.csproj", "{84029031-E45B-48A6-B2FC-F9BE0D89A2B5}"
EndProject
Global
	GlobalSection(SolutionConfigurationPlatforms) = preSolution
		Debug|Any CPU = Debug|Any CPU
		Release|Any CPU = Release|Any CPU
	EndGlobalSection
	GlobalSection(ProjectConfigurationPlatforms) = postSolution
		{12243D6D-2752-4A04-A67A-0DB4BCCB4396}.Debug|Any CPU.ActiveCfg = Debug|Any CPU
		{12243D6D-2752-4A04-A67A-0DB4BCCB4396}.Debug|Any CPU.Build.0 = Debug|Any CPU
		{12243D6D-2752-4A04-A67A-0DB4BCCB4396}.Release|Any CPU.ActiveCfg = Release|Any CPU
		{12243D6D-2752-4A04-A67A-0DB4BCCB4396}.Release|Any CPU.Build.0 = Release|Any CPU
		{84029031-E45B-48A6-B2FC-F9BE0D89A2B5}.Debug|Any CPU.ActiveCfg = Debug|Any CPU
		{84029031-E45B-48A6-B2FC-F9BE0D89A2B5}.Debug|Any CPU.Build.0 = Debug|Any CPU
		{84029031-E45B-48A6-B2FC-F9BE0D89A2B5}.Release|Any CPU.ActiveCfg = Release|Any CPU
		{84029031-E45B-48A6-B2FC-F9BE0D89A2B5}.Release|Any CPU.Build.0 = Release|Any CPU
	EndGlobalSection
	GlobalSection(SolutionProperties) = preSolution
		HideSolutionNode = FALSE
	EndGlobalSection
	GlobalSection(ExtensibilityGlobals) = postSolution
		SolutionGuid = {BE45F124-25A7-48F8-9504-3E9B47876728}
	EndGlobalSection
EndGlobal
